
Microsoft Visual Studio Solution File, Format Version 12.00
# Visual Studio Version 16
VisualStudioVersion = 16.0.31019.35
MinimumVisualStudioVersion = 10.0.40219.1
Project("{FAE04EC0-301F-11D3-BF4B-00C04F79EFBC}") = "Ejercicio_2", "Ejercicio_2.csproj", "{14576D98-F15E-4D9F-A555-DC7E6647C508}"
EndProject
Global
	GlobalSection(SolutionConfigurationPlatforms) = preSolution
		Debug|Any CPU = Debug|Any CPU
		Release|Any CPU = Release|Any CPU
	EndGlobalSection
	GlobalSection(ProjectConfigurationPlatforms) = postSolution
		{14576D98-F15E-4D9F-A555-DC7E6647C508}.Debug|Any CPU.ActiveCfg = Debug|Any CPU
		{14576D98-F15E-4D9F-A555-DC7E6647C508}.Debug|Any CPU.Build.0 = Debug|Any CPU
		{14576D98-F15E-4D9F-A555-DC7E6647C508}.Release|Any CPU.ActiveCfg = Release|Any CPU
		{14576D98-F15E-4D9F-A555-DC7E6647C508}.Release|Any CPU.Build.0 = Release|Any CPU
	EndGlobalSection
	GlobalSection(SolutionProperties) = preSolution
		HideSolutionNode = FALSE
	EndGlobalSection
	GlobalSection(ExtensibilityGlobals) = postSolution
		SolutionGuid = {D75C556D-062A-4EC1-9E52-22A9E46028A3}
	EndGlobalSection
EndGlobal
