
Microsoft Visual Studio Solution File, Format Version 12.00
# Visual Studio Version 16
VisualStudioVersion = 16.0.31019.35
MinimumVisualStudioVersion = 10.0.40219.1
Project("{FAE04EC0-301F-11D3-BF4B-00C04F79EFBC}") = "Clase de Carro", "Clase de Carro.csproj", "{9B4BE345-ABC7-422F-9B28-16D79E20D51C}"
EndProject
Global
	GlobalSection(SolutionConfigurationPlatforms) = preSolution
		Debug|Any CPU = Debug|Any CPU
		Release|Any CPU = Release|Any CPU
	EndGlobalSection
	GlobalSection(ProjectConfigurationPlatforms) = postSolution
		{9B4BE345-ABC7-422F-9B28-16D79E20D51C}.Debug|Any CPU.ActiveCfg = Debug|Any CPU
		{9B4BE345-ABC7-422F-9B28-16D79E20D51C}.Debug|Any CPU.Build.0 = Debug|Any CPU
		{9B4BE345-ABC7-422F-9B28-16D79E20D51C}.Release|Any CPU.ActiveCfg = Release|Any CPU
		{9B4BE345-ABC7-422F-9B28-16D79E20D51C}.Release|Any CPU.Build.0 = Release|Any CPU
	EndGlobalSection
	GlobalSection(SolutionProperties) = preSolution
		HideSolutionNode = FALSE
	EndGlobalSection
	GlobalSection(ExtensibilityGlobals) = postSolution
		SolutionGuid = {8C087F4C-F914-4DA6-816F-FB56F827A240}
	EndGlobalSection
EndGlobal
