
Microsoft Visual Studio Solution File, Format Version 12.00
# Visual Studio Version 16
VisualStudioVersion = 16.0.31129.286
MinimumVisualStudioVersion = 10.0.40219.1
Project("{FAE04EC0-301F-11D3-BF4B-00C04F79EFBC}") = "Tarea10", "Tarea10.csproj", "{7BA46DCE-4043-4226-9605-841B4EC088FE}"
EndProject
Global
	GlobalSection(SolutionConfigurationPlatforms) = preSolution
		Debug|Any CPU = Debug|Any CPU
		Release|Any CPU = Release|Any CPU
	EndGlobalSection
	GlobalSection(ProjectConfigurationPlatforms) = postSolution
		{7BA46DCE-4043-4226-9605-841B4EC088FE}.Debug|Any CPU.ActiveCfg = Debug|Any CPU
		{7BA46DCE-4043-4226-9605-841B4EC088FE}.Debug|Any CPU.Build.0 = Debug|Any CPU
		{7BA46DCE-4043-4226-9605-841B4EC088FE}.Release|Any CPU.ActiveCfg = Release|Any CPU
		{7BA46DCE-4043-4226-9605-841B4EC088FE}.Release|Any CPU.Build.0 = Release|Any CPU
	EndGlobalSection
	GlobalSection(SolutionProperties) = preSolution
		HideSolutionNode = FALSE
	EndGlobalSection
	GlobalSection(ExtensibilityGlobals) = postSolution
		SolutionGuid = {82928221-FADF-4CE1-9F8E-2D93C5955751}
	EndGlobalSection
EndGlobal
