
Microsoft Visual Studio Solution File, Format Version 12.00
# Visual Studio Version 16
VisualStudioVersion = 16.0.30907.101
MinimumVisualStudioVersion = 10.0.40219.1
Project("{FAE04EC0-301F-11D3-BF4B-00C04F79EFBC}") = "4. Año visiesto", "4. Año visiesto\4. Año visiesto.csproj", "{93769FE4-273B-4DBF-B0DB-CF8CA84C1121}"
EndProject
Global
	GlobalSection(SolutionConfigurationPlatforms) = preSolution
		Debug|Any CPU = Debug|Any CPU
		Release|Any CPU = Release|Any CPU
	EndGlobalSection
	GlobalSection(ProjectConfigurationPlatforms) = postSolution
		{93769FE4-273B-4DBF-B0DB-CF8CA84C1121}.Debug|Any CPU.ActiveCfg = Debug|Any CPU
		{93769FE4-273B-4DBF-B0DB-CF8CA84C1121}.Debug|Any CPU.Build.0 = Debug|Any CPU
		{93769FE4-273B-4DBF-B0DB-CF8CA84C1121}.Release|Any CPU.ActiveCfg = Release|Any CPU
		{93769FE4-273B-4DBF-B0DB-CF8CA84C1121}.Release|Any CPU.Build.0 = Release|Any CPU
	EndGlobalSection
	GlobalSection(SolutionProperties) = preSolution
		HideSolutionNode = FALSE
	EndGlobalSection
	GlobalSection(ExtensibilityGlobals) = postSolution
		SolutionGuid = {D9B880B4-106C-4A61-8261-7BA1C419BC24}
	EndGlobalSection
EndGlobal
