
Microsoft Visual Studio Solution File, Format Version 12.00
# Visual Studio Version 16
VisualStudioVersion = 16.0.30907.101
MinimumVisualStudioVersion = 10.0.40219.1
Project("{FAE04EC0-301F-11D3-BF4B-00C04F79EFBC}") = "4. Numeros primos", "4. Numeros primos\4. Numeros primos.csproj", "{8388B535-75BE-4DBD-B45D-798709AAB249}"
EndProject
Global
	GlobalSection(SolutionConfigurationPlatforms) = preSolution
		Debug|Any CPU = Debug|Any CPU
		Release|Any CPU = Release|Any CPU
	EndGlobalSection
	GlobalSection(ProjectConfigurationPlatforms) = postSolution
		{8388B535-75BE-4DBD-B45D-798709AAB249}.Debug|Any CPU.ActiveCfg = Debug|Any CPU
		{8388B535-75BE-4DBD-B45D-798709AAB249}.Debug|Any CPU.Build.0 = Debug|Any CPU
		{8388B535-75BE-4DBD-B45D-798709AAB249}.Release|Any CPU.ActiveCfg = Release|Any CPU
		{8388B535-75BE-4DBD-B45D-798709AAB249}.Release|Any CPU.Build.0 = Release|Any CPU
	EndGlobalSection
	GlobalSection(SolutionProperties) = preSolution
		HideSolutionNode = FALSE
	EndGlobalSection
	GlobalSection(ExtensibilityGlobals) = postSolution
		SolutionGuid = {EEA4B64A-67EF-4DF2-8FA0-351061A358C3}
	EndGlobalSection
EndGlobal
